CAFFEINIX_REPOSITORY=https://github.com/TroyMitchell911/caffeinix.git
CAFFEINIX_BRANCH=main
CAFFEINIX_COMMIT=6d02d61aa8bb6d58dc5a99b04f938a7b5cf942a0
OPENSBI_REPOSITORY=https://github.com/riscv-software-src/opensbi.git
OPENSBI_COMMIT=a32a91069119e7a5aa31e6bc51d5e00860be3d80
OPENSBI_VERSION=1.7
MUSL_VERSION=1.2.6
BUSYBOX_VERSION=1.38.0
