QEMU_WASM_REPOSITORY=https://github.com/ktock/qemu-wasm.git
QEMU_WASM_COMMIT=0ef7b4e2814b231705d8371dd7997f5b72e70baf
QEMU_WASM_SOURCE_URL=https://codeload.github.com/ktock/qemu-wasm/tar.gz/0ef7b4e2814b231705d8371dd7997f5b72e70baf
QEMU_WASM_SOURCE_SHA256=e78094503df31cd373f5609247c1a0c9bf771b75f68398c679e361bd3b4808c2
QEMU_VERSION=8.2.0
EMSDK_VERSION=3.1.50
EMSDK_DIGEST=sha256:b6ea0e55fdc95be36427df6df7892d5e5e27f0440cfcf442a55f784aba09a4fa
WASM_MEMORY_MB=512
ZLIB_SOURCE_URL=https://zlib.net/fossils/zlib-1.3.1.tar.gz
ZLIB_SOURCE_SHA256=9a93b2b7dfdac77ceba5a558a580e74667dd6fede4585b91eefb60f03b72df23
GLIB_SOURCE_URL=https://download.gnome.org/sources/glib/2.75/glib-2.75.0.tar.xz
GLIB_SOURCE_SHA256=6dde8e55cc4a2c83d96797120b08bcffb5f645b2e212164ae22d63c40e0e6360
PCRE2_SOURCE_URL=https://codeload.github.com/PCRE2Project/pcre2/tar.gz/3103b8f20a3b9944b177e812fde29fbfb8b90558
PCRE2_SOURCE_SHA256=e56022282eda751bfec44e8922e3518cbea4f70a87d8d1448966d4baa047c350
PCRE2_PATCH_URL=https://wrapdb.mesonbuild.com/v2/pcre2_10.40-3/get_patch
PCRE2_PATCH_SHA256=95391923529b4c1647a2cf88cd3b59cceb4f92393775e011f530e7865de0c7fb
GVDB_SOURCE_URL=https://gitlab.gnome.org/GNOME/gvdb/-/archive/0854af0fdb6d527a8d1999835ac2c5059976c210/gvdb-0854af0fdb6d527a8d1999835ac2c5059976c210.tar.gz
GVDB_SOURCE_SHA256=08352e54e8216d9001820c627c62858585465b51dc557cc22f0f4770ed182ebd
LIBFFI_SOURCE_URL=https://codeload.github.com/libffi/libffi/tar.gz/adbcf2b247696dde2667ab552cb93e0c79455c84
LIBFFI_SOURCE_SHA256=1f5e7a1231b6cb9f747189c48b15bbf17afdda6e2f9684b386fd19e9bbe78649
PIXMAN_SOURCE_URL=https://www.cairographics.org/releases/pixman-0.42.2.tar.gz
PIXMAN_SOURCE_SHA256=ea1480efada2fd948bc75366f7c349e1c96d3297d09a3fe62626e38e234a625e
DTC_SOURCE_URL=https://codeload.github.com/dgibson/dtc/tar.gz/b6910bec11614980a21e46fbccc35934b671bd81
DTC_SOURCE_SHA256=e115f987eec23a1ba25150a46ced1675de3716072d3b4905afb3a9cda0f007c7
KEYCODEMAPDB_SOURCE_URL=https://codeload.github.com/qemu/keycodemapdb/tar.gz/f5772a62ec52591ff6870b7e8ef32482371f22c6
KEYCODEMAPDB_SOURCE_SHA256=d014b53382dbb17b8196ad12f50de7f20d0ef1b9f7d54b0be51a6cbb14209195
SOFTFLOAT_SOURCE_URL=https://codeload.github.com/qemu/berkeley-softfloat-3/tar.gz/b64af41c3276f97f0e181920400ee056b9c88037
SOFTFLOAT_SOURCE_SHA256=faae889814ea6a292f7ca03d9b36e6c7e95bab2a64777804883cc822b8d48757
TESTFLOAT_SOURCE_URL=https://codeload.github.com/qemu/berkeley-testfloat-3/tar.gz/e7af9751d9f9fd3b47911f51a5cfd08af256a9ab
TESTFLOAT_SOURCE_SHA256=e7a09d51dc7e96cb8422c919c85fc3833d4f788567638c9162ef5cd7db59b1df
XTERM_SOURCE_URL=https://registry.npmjs.org/xterm/-/xterm-4.19.0.tgz
XTERM_SOURCE_SHA256=aff9df3ba1745f375675e4a0cc51ef9086f8d37f0a95a4be27319e1cc15b1a76
XTERM_PTY_SOURCE_URL=https://registry.npmjs.org/xterm-pty/-/xterm-pty-0.10.1.tgz
XTERM_PTY_SOURCE_SHA256=ca1c31fd4c9ab1506c0e6619ee358d4260775b7045f10a5631b36f0ba9a8434a
